PODS:
  - Crashlytics (3.11.1):
    - Fabric (~> 1.8.1)
  - Fabric (1.8.2)
  - SDWebImage (4.4.2):
    - SDWebImage/Core (= 4.4.2)
  - SDWebImage/Core (4.4.2)
  - Willow (5.1.0)

DEPENDENCIES:
  - Crashlytics
  - Fabric
  - SDWebImage (~> 4.0)
  - Willow (~> 5.0)

SPEC REPOS:
  https://github.com/cocoapods/specs.git:
    - Crashlytics
    - Fabric
    - SDWebImage
    - Willow

SPEC CHECKSUMS:
  Crashlytics: ca7ab4bc304aa216bdc2e4c1a96389ee77252203
  Fabric: d2b22f443ba195d8a7cc204da230977c72733b40
  SDWebImage: 624d6e296c69b244bcede364c72ae0430ac14681
  Willow: ad7f75939db11f7d56a97df2ca04405815e73125

PODFILE CHECKSUM: d4c75dd49b85117802ecb1be9361cf9469de9f70

COCOAPODS: 1.5.3
